
Microsoft Visual Studio Solution File, Format Version 12.00
# Visual Studio Version 17
VisualStudioVersion = 17.14.36121.58 d17.14
MinimumVisualStudioVersion = 10.0.40219.1
Project("{FAE04EC0-301F-11D3-BF4B-00C04F79EFBC}") = "SqlDataReaderDemo", "SqlDataReaderDemo\SqlDataReaderDemo.csproj", "{303552CB-9189-49E7-8451-1D096CA0F699}"
EndProject
Global
	GlobalSection(SolutionConfigurationPlatforms) = preSolution
		Debug|Any CPU = Debug|Any CPU
		Release|Any CPU = Release|Any CPU
	EndGlobalSection
	GlobalSection(ProjectConfigurationPlatforms) = postSolution
		{303552CB-9189-49E7-8451-1D096CA0F699}.Debug|Any CPU.ActiveCfg = Debug|Any CPU
		{303552CB-9189-49E7-8451-1D096CA0F699}.Debug|Any CPU.Build.0 = Debug|Any CPU
		{303552CB-9189-49E7-8451-1D096CA0F699}.Release|Any CPU.ActiveCfg = Release|Any CPU
		{303552CB-9189-49E7-8451-1D096CA0F699}.Release|Any CPU.Build.0 = Release|Any CPU
	EndGlobalSection
	GlobalSection(SolutionProperties) = preSolution
		HideSolutionNode = FALSE
	EndGlobalSection
	GlobalSection(ExtensibilityGlobals) = postSolution
		SolutionGuid = {5FC7BCF0-0942-40E2-9E21-C53EB39E20C8}
	EndGlobalSection
EndGlobal
