
Microsoft Visual Studio Solution File, Format Version 12.00
# Visual Studio Version 17
VisualStudioVersion = 17.14.36121.58 d17.14
MinimumVisualStudioVersion = 10.0.40219.1
Project("{FAE04EC0-301F-11D3-BF4B-00C04F79EFBC}") = "3. DataAdapterDemo", "3. DataAdapterDemo\3. DataAdapterDemo.csproj", "{3C0469FB-98A6-459D-996C-4D74C8EBEF1B}"
EndProject
Global
	GlobalSection(SolutionConfigurationPlatforms) = preSolution
		Debug|Any CPU = Debug|Any CPU
		Release|Any CPU = Release|Any CPU
	EndGlobalSection
	GlobalSection(ProjectConfigurationPlatforms) = postSolution
		{3C0469FB-98A6-459D-996C-4D74C8EBEF1B}.Debug|Any CPU.ActiveCfg = Debug|Any CPU
		{3C0469FB-98A6-459D-996C-4D74C8EBEF1B}.Debug|Any CPU.Build.0 = Debug|Any CPU
		{3C0469FB-98A6-459D-996C-4D74C8EBEF1B}.Release|Any CPU.ActiveCfg = Release|Any CPU
		{3C0469FB-98A6-459D-996C-4D74C8EBEF1B}.Release|Any CPU.Build.0 = Release|Any CPU
	EndGlobalSection
	GlobalSection(SolutionProperties) = preSolution
		HideSolutionNode = FALSE
	EndGlobalSection
	GlobalSection(ExtensibilityGlobals) = postSolution
		SolutionGuid = {94559475-8647-45B4-943B-A69CFA5A1355}
	EndGlobalSection
EndGlobal
