
Microsoft Visual Studio Solution File, Format Version 12.00
# Visual Studio Version 17
VisualStudioVersion = 17.14.36121.58 d17.14
MinimumVisualStudioVersion = 10.0.40219.1
Project("{FAE04EC0-301F-11D3-BF4B-00C04F79EFBC}") = "4. DataTable", "4. DataTable\4. DataTable.csproj", "{31D0AD41-BE50-4233-A96F-761434C05EA6}"
EndProject
Global
	GlobalSection(SolutionConfigurationPlatforms) = preSolution
		Debug|Any CPU = Debug|Any CPU
		Release|Any CPU = Release|Any CPU
	EndGlobalSection
	GlobalSection(ProjectConfigurationPlatforms) = postSolution
		{31D0AD41-BE50-4233-A96F-761434C05EA6}.Debug|Any CPU.ActiveCfg = Debug|Any CPU
		{31D0AD41-BE50-4233-A96F-761434C05EA6}.Debug|Any CPU.Build.0 = Debug|Any CPU
		{31D0AD41-BE50-4233-A96F-761434C05EA6}.Release|Any CPU.ActiveCfg = Release|Any CPU
		{31D0AD41-BE50-4233-A96F-761434C05EA6}.Release|Any CPU.Build.0 = Release|Any CPU
	EndGlobalSection
	GlobalSection(SolutionProperties) = preSolution
		HideSolutionNode = FALSE
	EndGlobalSection
	GlobalSection(ExtensibilityGlobals) = postSolution
		SolutionGuid = {1D35D72B-B248-4FED-9FEB-16FAACB0CA49}
	EndGlobalSection
EndGlobal
